// !$*UTF8*$!
{
	archiveVersion = 1;
	classes = {
	};
	objectVersion = 46;
	objects = {

/* Begin PBXBuildFile section */
		EE1ADBA21C713A3500367D5A /* AppDelegate.swift in Sources */ = {isa = PBXBuildFile; fileRef = EE1ADBA11C713A3500367D5A /* AppDelegate.swift */; };
		EE1ADBA41C713A3500367D5A /* ViewController.swift in Sources */ = {isa = PBXBuildFile; fileRef = EE1ADBA31C713A3500367D5A /* ViewController.swift */; };
		EE1ADBA71C713A3500367D5A /* Main.storyboard in Resources */ = {isa = PBXBuildFile; fileRef = EE1ADBA51C713A3500367D5A /* Main.storyboard */; };
		EE1ADBA91C713A3500367D5A /* Assets.xcassets in Resources */ = {isa = PBXBuildFile; fileRef = EE1ADBA81C713A3500367D5A /* Assets.xcassets */; };
		EE1ADBAC1C713A3500367D5A /* LaunchScreen.storyboard in Resources */ = {isa = PBXBuildFile; fileRef = EE1ADBAA1C713A3500367D5A /* LaunchScreen.storyboard */; };
/* End PBXBuildFile section */

/* Begin PBXFileReference section */
		EE1ADB9E1C713A3500367D5A /* Twitter.app */ = {isa = PBXFileReference; explicitFileType = wrapper.application; includeInIndex = 0; path = Twitter.app; sourceTree = BUILT_PRODUCTS_DIR; };
		EE1ADBA11C713A3500367D5A /* AppDelegate.swift */ = {isa = PBXFileReference; lastKnownFileType = sourcecode.swift; path = AppDelegate.swift; sourceTree = "<group>"; };
		EE1ADBA31C713A3500367D5A /* ViewController.swift */ = {isa = PBXFileReference; lastKnownFileType = sourcecode.swift; path = ViewController.swift; sourceTree = "<group>"; };
		EE1ADBA61C713A3500367D5A /* Base */ = {isa = PBXFileReference; lastKnownFileType = file.storyboard; name = Base; path = Base.lproj/Main.storyboard; sourceTree = "<group>"; };
		EE1ADBA81C713A3500367D5A /* Assets.xcassets */ = {isa = PBXFileReference; lastKnownFileType = folder.assetcatalog; path = Assets.xcassets; sourceTree = "<group>"; };
		EE1ADBAB1C713A3500367D5A /* Base */ = {isa = PBXFileReference; lastKnownFileType = file.storyboard; name = Base; path = Base.lproj/LaunchScreen.storyboard; sourceTree = "<group>"; };
		EE1ADBAD1C713A3500367D5A /* Info.plist */ = {isa = PBXFileReference; lastKnownFileType = text.plist.xml; path = Info.plist; sourceTree = "<group>"; };
/* End PBXFileReference section */

/* Begin PBXFrameworksBuildPhase section */
		EE1ADB9B1C713A3500367D5A /* Frameworks */ = {
			isa = PBXFrameworksBuildPhase;
			buildActionMask = 2147483647;
			files = (
			);
			runOnlyForDeploymentPostprocessing = 0;
		};
/* End PBXFrameworksBuildPhase section */

/* Begin PBXGroup section */
		EE1ADB951C713A3400367D5A = {
			isa = PBXGroup;
			children = (
				EE1ADBA01C713A3500367D5A /* Twitter */,
				EE1ADB9F1C713A3500367D5A /* Products */,
			);
			sourceTree = "<group>";
		};
		EE1ADB9F1C713A3500367D5A /* Products */ = {
			isa = PBXGroup;
			children = (
				EE1ADB9E1C713A3500367D5A /* Twitter.app */,
			);
			name = Products;
			sourceTree = "<group>";
		};
		EE1ADBA01C713A3500367D5A /* Twitter */ = {
			isa = PBXGroup;
			children = (
				EE1ADBA11C713A3500367D5A /* AppDelegate.swift */,
				EE1ADBA31C713A3500367D5A /* ViewController.swift */,
				EE1ADBA51C713A3500367D5A /* Main.storyboard */,
				EE1ADBA81C713A3500367D5A /* Assets.xcassets */,
				EE1ADBAA1C713A3500367D5A /* LaunchScreen.storyboard */,
				EE1ADBAD1C713A3500367D5A /* Info.plist */,
			);
			path = Twitter;
			sourceTree = "<group>";
		};
/* End PBXGroup section */

/* Begin PBXNativeTarget section */
		EE1ADB9D1C713A3500367D5A /* Twitter */ = {
			isa = PBXNativeTarget;
			buildConfigurationList = EE1ADBB01C713A3500367D5A /* Build configuration list for PBXNativeTarget "Twitter" */;
			buildPhases = (
				EE1ADB9A1C713A3500367D5A /* Sources */,
				EE1ADB9B1C713A3500367D5A /* Frameworks */,
				EE1ADB9C1C713A3500367D5A /* Resources */,
			);
			buildRules = (
			);
			dependencies = (
			);
			name = Twitter;
			productName = Twitter;
			productReference = EE1ADB9E1C713A3500367D5A /* Twitter.app */;
			productType = "com.apple.product-type.application";
		};
/* End PBXNativeTarget section */

/* Begin PBXProject section */
		EE1ADB961C713A3400367D5A /* Project object */ = {
			isa = PBXProject;
			attributes = {
				LastSwiftUpdateCheck = 0720;
				LastUpgradeCheck = 0720;
				ORGANIZATIONNAME = "Josh Gebbeken";
				TargetAttributes = {
					EE1ADB9D1C713A3500367D5A = {
						CreatedOnToolsVersion = 7.2;
					};
				};
			};
			buildConfigurationList = EE1ADB991C713A3400367D5A /* Build configuration list for PBXProject "Twitter" */;
			compatibilityVersion = "Xcode 3.2";
			developmentRegion = English;
			hasScannedForEncodings = 0;
			knownRegions = (
				en,
				Base,
			);
			mainGroup = EE1ADB951C713A3400367D5A;
			productRefGroup = EE1ADB9F1C713A3500367D5A /* Products */;
			projectDirPath = "";
			projectRoot = "";
			targets = (
				EE1ADB9D1C713A3500367D5A /* Twitter */,
			);
		};
/* End PBXProject section */

/* Begin PBXResourcesBuildPhase section */
		EE1ADB9C1C713A3500367D5A /* Resources */ = {
			isa = PBXResourcesBuildPhase;
			buildActionMask = 2147483647;
			files = (
				EE1ADBAC1C713A3500367D5A /* LaunchScreen.storyboard in Resources */,
				EE1ADBA91C713A3500367D5A /* Assets.xcassets in Resources */,
				EE1ADBA71C713A3500367D5A /* Main.storyboard in Resources */,
			);
			runOnlyForDeploymentPostprocessing = 0;
		};
/* End PBXResourcesBuildPhase section */

/* Begin PBXSourcesBuildPhase section */
		EE1ADB9A1C713A3500367D5A /* Sources */ = {
			isa = PBXSourcesBuildPhase;
			buildActionMask = 2147483647;
			files = (
				EE1ADBA41C713A3500367D5A /* ViewController.swift in Sources */,
				EE1ADBA21C713A3500367D5A /* AppDelegate.swift in Sources */,
			);
			runOnlyForDeploymentPostprocessing = 0;
		};
/* End PBXSourcesBuildPhase section */

/* Begin PBXVariantGroup section */
		EE1ADBA51C713A3500367D5A /* Main.storyboard */ = {
			isa = PBXVariantGroup;
			children = (
				EE1ADBA61C713A3500367D5A /* Base */,
			);
			name = Main.storyboard;
			sourceTree = "<group>";
		};
		EE1ADBAA1C713A3500367D5A /* LaunchScreen.storyboard */ = {
			isa = PBXVariantGroup;
			children = (
				EE1ADBAB1C713A3500367D5A /* Base */,
			);
			name = LaunchScreen.storyboard;
			sourceTree = "<group>";
		};
/* End PBXVariantGroup section */

/* Begin XCBuildConfiguration section */
		EE1ADBAE1C713A3500367D5A /* Debug */ = {
			isa = XCBuildConfiguration;
			buildSettings = {
				ALWAYS_SEARCH_USER_PATHS = NO;
				CLANG_CXX_LANGUAGE_STANDARD = "gnu++0x";
				CLANG_CXX_LIBRARY = "libc++";
				CLANG_ENABLE_MODULES = YES;
				CLANG_ENABLE_OBJC_ARC = YES;
				CLANG_WARN_BOOL_CONVERSION = YES;
				CLANG_WARN_CONSTANT_CONVERSION = YES;
				CLANG_WARN_DIRECT_OBJC_ISA_USAGE = YES_ERROR;
				CLANG_WARN_EMPTY_BODY = YES;
				CLANG_WARN_ENUM_CONVERSION = YES;
				CLANG_WARN_INT_CONVERSION = YES;
				CLANG_WARN_OBJC_ROOT_CLASS = YES_ERROR;
				CLANG_WARN_UNREACHABLE_CODE = YES;
				CLANG_WARN__DUPLICATE_METHOD_MATCH = YES;
				"CODE_SIGN_IDENTITY[sdk=iphoneos*]" = "iPhone Developer";
				COPY_PHASE_STRIP = NO;
				DEBUG_INFORMATION_FORMAT = dwarf;
				ENABLE_STRICT_OBJC_MSGSEND = YES;
				ENABLE_TESTABILITY = YES;
				GCC_C_LANGUAGE_STANDARD = gnu99;
				GCC_DYNAMIC_NO_PIC = NO;
				GCC_NO_COMMON_BLOCKS = YES;
				GCC_OPTIMIZATION_LEVEL = 0;
				GCC_PREPROCESSOR_DEFINITIONS = (
					"DEBUG=1",
					"$(inherited)",
				);
				GCC_WARN_64_TO_32_BIT_CONVERSION = YES;
				GCC_WARN_ABOUT_RETURN_TYPE = YES_ERROR;
				GCC_WARN_UNDECLARED_SELECTOR = YES;
				GCC_WARN_UNINITIALIZED_AUTOS = YES_AGGRESSIVE;
				GCC_WARN_UNUSED_FUNCTION = YES;
				GCC_WARN_UNUSED_VARIABLE = YES;
				IPHONEOS_DEPLOYMENT_TARGET = 9.2;
				MTL_ENABLE_DEBUG_INFO = YES;
				ONLY_ACTIVE_ARCH = YES;
				SDKROOT = iphoneos;
				SWIFT_OPTIMIZATION_LEVEL = "-Onone";
			};
			name = Debug;
		};
		EE1ADBAF1C713A3500367D5A /* Release */ = {
			isa = XCBuildConfiguration;
			buildSettings = {
				ALWAYS_SEARCH_USER_PATHS = NO;
				CLANG_CXX_LANGUAGE_STANDARD = "gnu++0x";
				CLANG_CXX_LIBRARY = "libc++";
				CLANG_ENABLE_MODULES = YES;
				CLANG_ENABLE_OBJC_ARC = YES;
				CLANG_WARN_BOOL_CONVERSION = YES;
				CLANG_WARN_CONSTANT_CONVERSION = YES;
				CLANG_WARN_DIRECT_OBJC_ISA_USAGE = YES_ERROR;
				CLANG_WARN_EMPTY_BODY = YES;
				CLANG_WARN_ENUM_CONVERSION = YES;
				CLANG_WARN_INT_CONVERSION = YES;
				CLANG_WARN_OBJC_ROOT_CLASS = YES_ERROR;
				CLANG_WARN_UNREACHABLE_CODE = YES;
				CLANG_WARN__DUPLICATE_METHOD_MATCH = YES;
				"CODE_SIGN_IDENTITY[sdk=iphoneos*]" = "iPhone Developer";
				COPY_PHASE_STRIP = NO;
				DEBUG_INFORMATION_FORMAT = "dwarf-with-dsym";
				ENABLE_NS_ASSERTIONS = NO;
				ENABLE_STRICT_OBJC_MSGSEND = YES;
				GCC_C_LANGUAGE_STANDARD = gnu99;
				GCC_NO_COMMON_BLOCKS = YES;
				GCC_WARN_64_TO_32_BIT_CONVERSION = YES;
				GCC_WARN_ABOUT_RETURN_TYPE = YES_ERROR;
				GCC_WARN_UNDECLARED_SELECTOR = YES;
				GCC_WARN_UNINITIALIZED_AUTOS = YES_AGGRESSIVE;
				GCC_WARN_UNUSED_FUNCTION = YES;
				GCC_WARN_UNUSED_VARIABLE = YES;
				IPHONEOS_DEPLOYMENT_TARGET = 9.2;
				MTL_ENABLE_DEBUG_INFO = NO;
				SDKROOT = iphoneos;
				VALIDATE_PRODUCT = YES;
			};
			name = Release;
		};
		EE1ADBB11C713A3500367D5A /* Debug */ = {
			isa = XCBuildConfiguration;
			buildSettings = {
				ASSETCATALOG_COMPILER_APPICON_NAME = AppIcon;
				INFOPLIST_FILE = Twitter/Info.plist;
				LD_RUNPATH_SEARCH_PATHS = "$(inherited) @executable_path/Frameworks";
				PRODUCT_BUNDLE_IDENTIFIER = josh.gebbeken.Twitter;
				PRODUCT_NAME = "$(TARGET_NAME)";
			};
			name = Debug;
		};
		EE1ADBB21C713A3500367D5A /* Release */ = {
			isa = XCBuildConfiguration;
			buildSettings = {
				ASSETCATALOG_COMPILER_APPICON_NAME = AppIcon;
				INFOPLIST_FILE = Twitter/Info.plist;
				LD_RUNPATH_SEARCH_PATHS = "$(inherited) @executable_path/Frameworks";
				PRODUCT_BUNDLE_IDENTIFIER = josh.gebbeken.Twitter;
				PRODUCT_NAME = "$(TARGET_NAME)";
			};
			name = Release;
		};
/* End XCBuildConfiguration section */

/* Begin XCConfigurationList section */
		EE1ADB991C713A3400367D5A /* Build configuration list for PBXProject "Twitter" */ = {
			isa = XCConfigurationList;
			buildConfigurations = (
				EE1ADBAE1C713A3500367D5A /* Debug */,
				EE1ADBAF1C713A3500367D5A /* Release */,
			);
			defaultConfigurationIsVisible = 0;
			defaultConfigurationName = Release;
		};
		EE1ADBB01C713A3500367D5A /* Build configuration list for PBXNativeTarget "Twitter" */ = {
			isa = XCConfigurationList;
			buildConfigurations = (
				EE1ADBB11C713A3500367D5A /* Debug */,
				EE1ADBB21C713A3500367D5A /* Release */,
			);
			defaultConfigurationIsVisible = 0;
		};
/* End XCConfigurationList section */
	};
	rootObject = EE1ADB961C713A3400367D5A /* Project object */;
}
